
Microsoft Visual Studio Solution File, Format Version 12.00
# Visual Studio Version 17
VisualStudioVersion = 17.7.34031.279
MinimumVisualStudioVersion = 10.0.40219.1
Project("{9A19103F-16F7-4668-BE54-9A1E7A4F7556}") = "BookLibrary.Api", "BookLibrary.Api\BookLibrary.Api.csproj", "{D02E34CB-F71A-4E7F-AA39-C18493A31220}"
EndProject
Project("{9A19103F-16F7-4668-BE54-9A1E7A4F7556}") = "BookLibrary.Domain", "BookLibrary.Domain\BookLibrary.Domain.csproj", "{EB0B5FEF-FD16-4609-8776-32EF011A47B1}"
EndProject
Project("{9A19103F-16F7-4668-BE54-9A1E7A4F7556}") = "BookLibrary.Data", "BookLibrary.Infra.Data\BookLibrary.Data.csproj", "{880AD361-62F5-4520-A16E-CCB847F7C9A0}"
EndProject
Project("{2150E333-8FDC-42A3-9474-1A3956D46DE8}") = "1-Services", "1-Services", "{46DC6FDD-DA6B-4B9E-97C5-FD608B8B2084}"
EndProject
Project("{2150E333-8FDC-42A3-9474-1A3956D46DE8}") = "2-Domain", "2-Domain", "{C2DE9175-85B8-404B-B9E4-4E8B9C70C0E0}"
EndProject
Project("{2150E333-8FDC-42A3-9474-1A3956D46DE8}") = "3-Infraestructure", "3-Infraestructure", "{59378B27-C230-4FCF-9CFA-D0547814C139}"
EndProject
Project("{2150E333-8FDC-42A3-9474-1A3956D46DE8}") = "3.1-Infra.Data", "3.1-Infra.Data", "{1A817F28-426F-4A9F-8096-C9005CE54394}"
EndProject
Project("{2150E333-8FDC-42A3-9474-1A3956D46DE8}") = "3.2-Infra.Crosscutting", "3.2-Infra.Crosscutting", "{EBFCE6E2-03A5-448E-96B1-64792845D1FB}"
EndProject
Project("{FAE04EC0-301F-11D3-BF4B-00C04F79EFBC}") = "BookLibrary.CrossCutting.IoT", "CrossCutting.IoT\BookLibrary.CrossCutting.IoT.csproj", "{C4541E0C-ED43-462F-A892-2ADF798B3370}"
EndProject
Project("{9A19103F-16F7-4668-BE54-9A1E7A4F7556}") = "BookLibrary.Application", "BookLibrary.Application\BookLibrary.Application.csproj", "{B8BD7C03-205D-4AE6-929F-0DFF3F558DAD}"
EndProject
Global
	GlobalSection(SolutionConfigurationPlatforms) = preSolution
		Debug|Any CPU = Debug|Any CPU
		Release|Any CPU = Release|Any CPU
	EndGlobalSection
	GlobalSection(ProjectConfigurationPlatforms) = postSolution
		{D02E34CB-F71A-4E7F-AA39-C18493A31220}.Debug|Any CPU.ActiveCfg = Debug|Any CPU
		{D02E34CB-F71A-4E7F-AA39-C18493A31220}.Debug|Any CPU.Build.0 = Debug|Any CPU
		{D02E34CB-F71A-4E7F-AA39-C18493A31220}.Release|Any CPU.ActiveCfg = Release|Any CPU
		{D02E34CB-F71A-4E7F-AA39-C18493A31220}.Release|Any CPU.Build.0 = Release|Any CPU
		{EB0B5FEF-FD16-4609-8776-32EF011A47B1}.Debug|Any CPU.ActiveCfg = Debug|Any CPU
		{EB0B5FEF-FD16-4609-8776-32EF011A47B1}.Debug|Any CPU.Build.0 = Debug|Any CPU
		{EB0B5FEF-FD16-4609-8776-32EF011A47B1}.Release|Any CPU.ActiveCfg = Release|Any CPU
		{EB0B5FEF-FD16-4609-8776-32EF011A47B1}.Release|Any CPU.Build.0 = Release|Any CPU
		{880AD361-62F5-4520-A16E-CCB847F7C9A0}.Debug|Any CPU.ActiveCfg = Debug|Any CPU
		{880AD361-62F5-4520-A16E-CCB847F7C9A0}.Debug|Any CPU.Build.0 = Debug|Any CPU
		{880AD361-62F5-4520-A16E-CCB847F7C9A0}.Release|Any CPU.ActiveCfg = Release|Any CPU
		{880AD361-62F5-4520-A16E-CCB847F7C9A0}.Release|Any CPU.Build.0 = Release|Any CPU
		{C4541E0C-ED43-462F-A892-2ADF798B3370}.Debug|Any CPU.ActiveCfg = Debug|Any CPU
		{C4541E0C-ED43-462F-A892-2ADF798B3370}.Debug|Any CPU.Build.0 = Debug|Any CPU
		{C4541E0C-ED43-462F-A892-2ADF798B3370}.Release|Any CPU.ActiveCfg = Release|Any CPU
		{C4541E0C-ED43-462F-A892-2ADF798B3370}.Release|Any CPU.Build.0 = Release|Any CPU
		{B8BD7C03-205D-4AE6-929F-0DFF3F558DAD}.Debug|Any CPU.ActiveCfg = Debug|Any CPU
		{B8BD7C03-205D-4AE6-929F-0DFF3F558DAD}.Debug|Any CPU.Build.0 = Debug|Any CPU
		{B8BD7C03-205D-4AE6-929F-0DFF3F558DAD}.Release|Any CPU.ActiveCfg = Release|Any CPU
		{B8BD7C03-205D-4AE6-929F-0DFF3F558DAD}.Release|Any CPU.Build.0 = Release|Any CPU
	EndGlobalSection
	GlobalSection(SolutionProperties) = preSolution
		HideSolutionNode = FALSE
	EndGlobalSection
	GlobalSection(NestedProjects) = preSolution
		{D02E34CB-F71A-4E7F-AA39-C18493A31220} = {46DC6FDD-DA6B-4B9E-97C5-FD608B8B2084}
		{EB0B5FEF-FD16-4609-8776-32EF011A47B1} = {C2DE9175-85B8-404B-B9E4-4E8B9C70C0E0}
		{880AD361-62F5-4520-A16E-CCB847F7C9A0} = {1A817F28-426F-4A9F-8096-C9005CE54394}
		{1A817F28-426F-4A9F-8096-C9005CE54394} = {59378B27-C230-4FCF-9CFA-D0547814C139}
		{EBFCE6E2-03A5-448E-96B1-64792845D1FB} = {59378B27-C230-4FCF-9CFA-D0547814C139}
		{C4541E0C-ED43-462F-A892-2ADF798B3370} = {EBFCE6E2-03A5-448E-96B1-64792845D1FB}
		{B8BD7C03-205D-4AE6-929F-0DFF3F558DAD} = {46DC6FDD-DA6B-4B9E-97C5-FD608B8B2084}
	EndGlobalSection
	GlobalSection(ExtensibilityGlobals) = postSolution
		SolutionGuid = {86C9087D-59F1-45DA-805D-1397179A0D49}
	EndGlobalSection
EndGlobal
